{
  "name": "openPrecision",
  "lockfileVersion": 2,
  "requires": true,
  "packages": {
    "": {
      "dependencies": {
        "tween": "^0.9.0"
      }
    },
    "node_modules/tween": {
      "version": "0.9.0",
      "resolved": "https://registry.npmjs.org/tween/-/tween-0.9.0.tgz",
      "integrity": "sha512-/Wpqy/fkHzp8VJ0kh52Lssett+5o1X6XaLLZIDFI4Biuk6GEgyGZPihq1zNR9wjj+PcgYCPheV5gxMXyKgtZsw==",
      "deprecated": "Use official tween.js package"
    }
  },
  "dependencies": {
    "tween": {
      "version": "0.9.0",
      "resolved": "https://registry.npmjs.org/tween/-/tween-0.9.0.tgz",
      "integrity": "sha512-/Wpqy/fkHzp8VJ0kh52Lssett+5o1X6XaLLZIDFI4Biuk6GEgyGZPihq1zNR9wjj+PcgYCPheV5gxMXyKgtZsw=="
    }
  }
}
