{
  "name": "open_precision_frontend",
  "version": "0.1.0",
  "lockfileVersion": 2,
  "requires": true,
  "packages": {
    "": {
      "name": "open_precision_frontend",
      "version": "0.1.0",
      "license": "GPL-3.0-or-later",
      "dependencies": {
        "dataclass": "^2.1.1",
        "three": "^0.146.0",
        "three-orbitcontrols": "^2.110.3"
      }
    },
    "node_modules/dataclass": {
      "version": "2.1.1",
      "resolved": "https://registry.npmjs.org/dataclass/-/dataclass-2.1.1.tgz",
      "integrity": "sha512-UNG2qao2GaHrnVQtarekOjUt1BvU6vt1OUnYSp+3BuFNs+iKjiBmIz2cabXtP2ZjthM8n3ox1lRKrUxp4SKG9A=="
    },
    "node_modules/three": {
      "version": "0.146.0",
      "resolved": "https://registry.npmjs.org/three/-/three-0.146.0.tgz",
      "integrity": "sha512-1lvNfLezN6OJ9NaFAhfX4sm5e9YCzHtaRgZ1+B4C+Hv6TibRMsuBAM5/wVKzxjpYIlMymvgsHEFrrigEfXnb2A=="
    },
    "node_modules/three-orbitcontrols": {
      "version": "2.110.3",
      "resolved": "https://registry.npmjs.org/three-orbitcontrols/-/three-orbitcontrols-2.110.3.tgz",
      "integrity": "sha512-BNNbksJwbN3/MmT0X/gjz5ZCchm7bjk26SUdtJYRxfEYjDfkb/0PeUTHE/KuyJ5vb/owK3mojyy3vcqDx99sRA==",
      "deprecated": "three-js exposes real modules now via three/examples/jsm/...\nfor example to import Orbit, do\nimport { OrbitControls } from 'three/examples/jsm/controls/OrbitControls'\n",
      "peerDependencies": {
        "three": ">= 0.110.0"
      }
    }
  },
  "dependencies": {
    "dataclass": {
      "version": "2.1.1",
      "resolved": "https://registry.npmjs.org/dataclass/-/dataclass-2.1.1.tgz",
      "integrity": "sha512-UNG2qao2GaHrnVQtarekOjUt1BvU6vt1OUnYSp+3BuFNs+iKjiBmIz2cabXtP2ZjthM8n3ox1lRKrUxp4SKG9A=="
    },
    "three": {
      "version": "0.146.0",
      "resolved": "https://registry.npmjs.org/three/-/three-0.146.0.tgz",
      "integrity": "sha512-1lvNfLezN6OJ9NaFAhfX4sm5e9YCzHtaRgZ1+B4C+Hv6TibRMsuBAM5/wVKzxjpYIlMymvgsHEFrrigEfXnb2A=="
    },
    "three-orbitcontrols": {
      "version": "2.110.3",
      "resolved": "https://registry.npmjs.org/three-orbitcontrols/-/three-orbitcontrols-2.110.3.tgz",
      "integrity": "sha512-BNNbksJwbN3/MmT0X/gjz5ZCchm7bjk26SUdtJYRxfEYjDfkb/0PeUTHE/KuyJ5vb/owK3mojyy3vcqDx99sRA==",
      "requires": {}
    }
  }
}
